
Microsoft Visual Studio Solution File, Format Version 12.00
# Visual Studio 15
VisualStudioVersion = 15.0.27004.2010
MinimumVisualStudioVersion = 10.0.40219.1
Project("{FAE04EC0-301F-11D3-BF4B-00C04F79EFBC}") = "Textanalyse.Web", "Textanalyse.Web\Textanalyse.Web.csproj", "{360DC83B-D735-490A-B4BC-72335545A991}"
EndProject
Project("{FAE04EC0-301F-11D3-BF4B-00C04F79EFBC}") = "Textanalyse.Data", "Textanalyse.Data\Textanalyse.Data.csproj", "{265741C2-131D-40DA-AAB7-1EE12959262D}"
EndProject
Global
	GlobalSection(SolutionConfigurationPlatforms) = preSolution
		Debug|Any CPU = Debug|Any CPU
		Release|Any CPU = Release|Any CPU
	EndGlobalSection
	GlobalSection(ProjectConfigurationPlatforms) = postSolution
		{360DC83B-D735-490A-B4BC-72335545A991}.Debug|Any CPU.ActiveCfg = Debug|Any CPU
		{360DC83B-D735-490A-B4BC-72335545A991}.Debug|Any CPU.Build.0 = Debug|Any CPU
		{360DC83B-D735-490A-B4BC-72335545A991}.Release|Any CPU.ActiveCfg = Release|Any CPU
		{360DC83B-D735-490A-B4BC-72335545A991}.Release|Any CPU.Build.0 = Release|Any CPU
		{265741C2-131D-40DA-AAB7-1EE12959262D}.Debug|Any CPU.ActiveCfg = Debug|Any CPU
		{265741C2-131D-40DA-AAB7-1EE12959262D}.Debug|Any CPU.Build.0 = Debug|Any CPU
		{265741C2-131D-40DA-AAB7-1EE12959262D}.Release|Any CPU.ActiveCfg = Release|Any CPU
		{265741C2-131D-40DA-AAB7-1EE12959262D}.Release|Any CPU.Build.0 = Release|Any CPU
	EndGlobalSection
	GlobalSection(SolutionProperties) = preSolution
		HideSolutionNode = FALSE
	EndGlobalSection
	GlobalSection(ExtensibilityGlobals) = postSolution
		SolutionGuid = {9C92052A-0DFC-4F44-A67F-41F7049FD96C}
	EndGlobalSection
EndGlobal
